
Microsoft Visual Studio Solution File, Format Version 12.00
# Visual Studio Version 17
VisualStudioVersion = 17.5.33516.290
MinimumVisualStudioVersion = 10.0.40219.1
Project("{FAE04EC0-301F-11D3-BF4B-00C04F79EFBC}") = "WotBanListFull", "WotBanListFull\WotBanListFull.csproj", "{DFF1EF0B-E884-478D-869C-B8828153FC70}"
EndProject
Global
	GlobalSection(SolutionConfigurationPlatforms) = preSolution
		Debug|Any CPU = Debug|Any CPU
		Release|Any CPU = Release|Any CPU
	EndGlobalSection
	GlobalSection(ProjectConfigurationPlatforms) = postSolution
		{DFF1EF0B-E884-478D-869C-B8828153FC70}.Debug|Any CPU.ActiveCfg = Debug|Any CPU
		{DFF1EF0B-E884-478D-869C-B8828153FC70}.Debug|Any CPU.Build.0 = Debug|Any CPU
		{DFF1EF0B-E884-478D-869C-B8828153FC70}.Release|Any CPU.ActiveCfg = Release|Any CPU
		{DFF1EF0B-E884-478D-869C-B8828153FC70}.Release|Any CPU.Build.0 = Release|Any CPU
	EndGlobalSection
	GlobalSection(SolutionProperties) = preSolution
		HideSolutionNode = FALSE
	EndGlobalSection
	GlobalSection(ExtensibilityGlobals) = postSolution
		SolutionGuid = {EDCEBB1F-4C1D-4506-A131-2EAF8E5649E6}
	EndGlobalSection
EndGlobal
